# This file is automatically @generated by Cargo.
# It is not intended for manual editing.
version = 4

[[package]]
name = "deb-systemd-helper"
version = "0.1.0"
dependencies = [
 "libc",
 "utim_core",
]

[[package]]
name = "deb-systemd-invoke"
version = "0.1.0"
dependencies = [
 "libc",
 "utim_core",
]

[[package]]
name = "libc"
version = "0.2.189"
source = "registry+https://github.com/rust-lang/crates.io-index"
checksum = "3eaf3ede3fee6db1a4c2ee091bf8a8b4dccdc6d17f656fb07896ee72867612f2"

[[package]]
name = "utim"
version = "0.1.0"
dependencies = [
 "libc",
 "utim_core",
]

[[package]]
name = "utim-graphics-check"
version = "0.1.0"
dependencies = [
 "libc",
 "utim_core",
]

[[package]]
name = "utim_core"
version = "0.1.0"
dependencies = [
 "libc",
]

[[package]]
name = "utimctl"
version = "0.1.0"
dependencies = [
 "libc",
 "utim_core",
]

[[package]]
name = "utlc"
version = "0.1.0"
dependencies = [
 "libc",
 "utim_core",
]
